
Microsoft Visual Studio Solution File, Format Version 12.00
# Visual Studio 15
VisualStudioVersion = 15.0.26403.0
MinimumVisualStudioVersion = 10.0.40219.1
Project("{2150E333-8FDC-42A3-9474-1A3956D46DE8}") = "NETCore", "NETCore", "{74768371-B3B0-4100-B551-71847B0F41E7}"
EndProject
Project("{FAE04EC0-301F-11D3-BF4B-00C04F79EFBC}") = "SharpConnect.IO", "SharpConnect.IO\SharpConnect.IO.csproj", "{401C57A4-0208-4283-93F5-C861B8A2696F}"
EndProject
Project("{FAE04EC0-301F-11D3-BF4B-00C04F79EFBC}") = "TestApp01", "TestApp01\TestApp01.csproj", "{4E72F3FF-1491-413E-BAF5-ADB81450B310}"
EndProject
Project("{9A19103F-16F7-4668-BE54-9A1E7A4F7556}") = "SharpConnect.IO", "NETCore\SharpConnect.IO\SharpConnect.IO.csproj", "{6683E49D-B7CB-401E-AF23-A037CE1E5E8E}"
EndProject
Project("{9A19103F-16F7-4668-BE54-9A1E7A4F7556}") = "TestConsole", "NETCore\TestConsole\TestConsole.csproj", "{FEE1B658-F584-4CFB-9F5C-7F129A9E7499}"
EndProject
Global
	GlobalSection(SolutionConfigurationPlatforms) = preSolution
		Debug|Any CPU = Debug|Any CPU
		Release|Any CPU = Release|Any CPU
	EndGlobalSection
	GlobalSection(ProjectConfigurationPlatforms) = postSolution
		{401C57A4-0208-4283-93F5-C861B8A2696F}.Debug|Any CPU.ActiveCfg = Debug|Any CPU
		{401C57A4-0208-4283-93F5-C861B8A2696F}.Debug|Any CPU.Build.0 = Debug|Any CPU
		{401C57A4-0208-4283-93F5-C861B8A2696F}.Release|Any CPU.ActiveCfg = Release|Any CPU
		{401C57A4-0208-4283-93F5-C861B8A2696F}.Release|Any CPU.Build.0 = Release|Any CPU
		{4E72F3FF-1491-413E-BAF5-ADB81450B310}.Debug|Any CPU.ActiveCfg = Debug|Any CPU
		{4E72F3FF-1491-413E-BAF5-ADB81450B310}.Debug|Any CPU.Build.0 = Debug|Any CPU
		{4E72F3FF-1491-413E-BAF5-ADB81450B310}.Release|Any CPU.ActiveCfg = Release|Any CPU
		{4E72F3FF-1491-413E-BAF5-ADB81450B310}.Release|Any CPU.Build.0 = Release|Any CPU
		{6683E49D-B7CB-401E-AF23-A037CE1E5E8E}.Debug|Any CPU.ActiveCfg = Debug|Any CPU
		{6683E49D-B7CB-401E-AF23-A037CE1E5E8E}.Debug|Any CPU.Build.0 = Debug|Any CPU
		{6683E49D-B7CB-401E-AF23-A037CE1E5E8E}.Release|Any CPU.ActiveCfg = Release|Any CPU
		{6683E49D-B7CB-401E-AF23-A037CE1E5E8E}.Release|Any CPU.Build.0 = Release|Any CPU
		{FEE1B658-F584-4CFB-9F5C-7F129A9E7499}.Debug|Any CPU.ActiveCfg = Debug|Any CPU
		{FEE1B658-F584-4CFB-9F5C-7F129A9E7499}.Debug|Any CPU.Build.0 = Debug|Any CPU
		{FEE1B658-F584-4CFB-9F5C-7F129A9E7499}.Release|Any CPU.ActiveCfg = Release|Any CPU
		{FEE1B658-F584-4CFB-9F5C-7F129A9E7499}.Release|Any CPU.Build.0 = Release|Any CPU
	EndGlobalSection
	GlobalSection(SolutionProperties) = preSolution
		HideSolutionNode = FALSE
	EndGlobalSection
	GlobalSection(NestedProjects) = preSolution
		{6683E49D-B7CB-401E-AF23-A037CE1E5E8E} = {74768371-B3B0-4100-B551-71847B0F41E7}
		{FEE1B658-F584-4CFB-9F5C-7F129A9E7499} = {74768371-B3B0-4100-B551-71847B0F41E7}
	EndGlobalSection
EndGlobal
